// !$*UTF8*$!
{
	archiveVersion = 1;
	classes = {
	};
	objectVersion = 50;
	objects = {

/* Begin PBXBuildFile section */
		4C519BA32582024E0013E5CB /* TabBarMedicoViewController.swift in Sources */ = {isa = PBXBuildFile; fileRef = 4C519BA22582024E0013E5CB /* TabBarMedicoViewController.swift */; };
		4C6CA4B725808D7800B60348 /* RegisterUserViewController.swift in Sources */ = {isa = PBXBuildFile; fileRef = 4C6CA4B625808D7800B60348 /* RegisterUserViewController.swift */; };
		4C6CA4C32580B63900B60348 /* logo.png in Resources */ = {isa = PBXBuildFile; fileRef = 4C6CA4C02580B63700B60348 /* logo.png */; };
		4C6CA4C42580B63900B60348 /* doctor.jpg in Resources */ = {isa = PBXBuildFile; fileRef = 4C6CA4C12580B63800B60348 /* doctor.jpg */; };
		4C6CA4C52580B63900B60348 /* clinica.jpg in Resources */ = {isa = PBXBuildFile; fileRef = 4C6CA4C22580B63800B60348 /* clinica.jpg */; };
		4C89CEF725806E3C009C7E76 /* AppDelegate.swift in Sources */ = {isa = PBXBuildFile; fileRef = 4C89CEF625806E3C009C7E76 /* AppDelegate.swift */; };
		4C89CEF925806E3C009C7E76 /* ViewController.swift in Sources */ = {isa = PBXBuildFile; fileRef = 4C89CEF825806E3C009C7E76 /* ViewController.swift */; };
		4C89CEFC25806E3C009C7E76 /* Main.storyboard in Resources */ = {isa = PBXBuildFile; fileRef = 4C89CEFA25806E3C009C7E76 /* Main.storyboard */; };
		4C89CEFE25806E47009C7E76 /* Assets.xcassets in Resources */ = {isa = PBXBuildFile; fileRef = 4C89CEFD25806E47009C7E76 /* Assets.xcassets */; };
		4C89CF0125806E47009C7E76 /* LaunchScreen.storyboard in Resources */ = {isa = PBXBuildFile; fileRef = 4C89CEFF25806E47009C7E76 /* LaunchScreen.storyboard */; };
/* End PBXBuildFile section */

/* Begin PBXFileReference section */
		4C519BA22582024E0013E5CB /* TabBarMedicoViewController.swift */ = {isa = PBXFileReference; lastKnownFileType = sourcecode.swift; path = TabBarMedicoViewController.swift; sourceTree = "<group>"; };
		4C6CA4B625808D7800B60348 /* RegisterUserViewController.swift */ = {isa = PBXFileReference; lastKnownFileType = sourcecode.swift; path = RegisterUserViewController.swift; sourceTree = "<group>"; };
		4C6CA4C02580B63700B60348 /* logo.png */ = {isa = PBXFileReference; lastKnownFileType = image.png; path = logo.png; sourceTree = "<group>"; };
		4C6CA4C12580B63800B60348 /* doctor.jpg */ = {isa = PBXFileReference; lastKnownFileType = image.jpeg; path = doctor.jpg; sourceTree = "<group>"; };
		4C6CA4C22580B63800B60348 /* clinica.jpg */ = {isa = PBXFileReference; lastKnownFileType = image.jpeg; path = clinica.jpg; sourceTree = "<group>"; };
		4C89CEF325806E3C009C7E76 /* appCiberSalud.app */ = {isa = PBXFileReference; explicitFileType = wrapper.application; includeInIndex = 0; path = appCiberSalud.app; sourceTree = BUILT_PRODUCTS_DIR; };
		4C89CEF625806E3C009C7E76 /* AppDelegate.swift */ = {isa = PBXFileReference; lastKnownFileType = sourcecode.swift; path = AppDelegate.swift; sourceTree = "<group>"; };
		4C89CEF825806E3C009C7E76 /* ViewController.swift */ = {isa = PBXFileReference; lastKnownFileType = sourcecode.swift; path = ViewController.swift; sourceTree = "<group>"; };
		4C89CEFB25806E3C009C7E76 /* Base */ = {isa = PBXFileReference; lastKnownFileType = file.storyboard; name = Base; path = Base.lproj/Main.storyboard; sourceTree = "<group>"; };
		4C89CEFD25806E47009C7E76 /* Assets.xcassets */ = {isa = PBXFileReference; lastKnownFileType = folder.assetcatalog; path = Assets.xcassets; sourceTree = "<group>"; };
		4C89CF0025806E47009C7E76 /* Base */ = {isa = PBXFileReference; lastKnownFileType = file.storyboard; name = Base; path = Base.lproj/LaunchScreen.storyboard; sourceTree = "<group>"; };
		4C89CF0225806E47009C7E76 /* Info.plist */ = {isa = PBXFileReference; lastKnownFileType = text.plist.xml; path = Info.plist; sourceTree = "<group>"; };
/* End PBXFileReference section */

/* Begin PBXFrameworksBuildPhase section */
		4C89CEF025806E3C009C7E76 /* Frameworks */ = {
			isa = PBXFrameworksBuildPhase;
			buildActionMask = 2147483647;
			files = (
			);
			runOnlyForDeploymentPostprocessing = 0;
		};
/* End PBXFrameworksBuildPhase section */

/* Begin PBXGroup section */
		4C6CA4B525808D3700B60348 /* views */ = {
			isa = PBXGroup;
			children = (
				4C6CA4B625808D7800B60348 /* RegisterUserViewController.swift */,
				4C519BA22582024E0013E5CB /* TabBarMedicoViewController.swift */,
			);
			name = views;
			sourceTree = "<group>";
		};
		4C6CA4BF2580B5F700B60348 /* img */ = {
			isa = PBXGroup;
			children = (
				4C6CA4C22580B63800B60348 /* clinica.jpg */,
				4C6CA4C12580B63800B60348 /* doctor.jpg */,
				4C6CA4C02580B63700B60348 /* logo.png */,
			);
			path = img;
			sourceTree = "<group>";
		};
		4C89CEEA25806E3C009C7E76 = {
			isa = PBXGroup;
			children = (
				4C89CEF525806E3C009C7E76 /* appCiberSalud */,
				4C89CEF425806E3C009C7E76 /* Products */,
			);
			sourceTree = "<group>";
		};
		4C89CEF425806E3C009C7E76 /* Products */ = {
			isa = PBXGroup;
			children = (
				4C89CEF325806E3C009C7E76 /* appCiberSalud.app */,
			);
			name = Products;
			sourceTree = "<group>";
		};
		4C89CEF525806E3C009C7E76 /* appCiberSalud */ = {
			isa = PBXGroup;
			children = (
				4C6CA4BF2580B5F700B60348 /* img */,
				4C6CA4B525808D3700B60348 /* views */,
				4C89CEF625806E3C009C7E76 /* AppDelegate.swift */,
				4C89CEF825806E3C009C7E76 /* ViewController.swift */,
				4C89CEFA25806E3C009C7E76 /* Main.storyboard */,
				4C89CEFD25806E47009C7E76 /* Assets.xcassets */,
				4C89CEFF25806E47009C7E76 /* LaunchScreen.storyboard */,
				4C89CF0225806E47009C7E76 /* Info.plist */,
			);
			path = appCiberSalud;
			sourceTree = "<group>";
		};
/* End PBXGroup section */

/* Begin PBXNativeTarget section */
		4C89CEF225806E3C009C7E76 /* appCiberSalud */ = {
			isa = PBXNativeTarget;
			buildConfigurationList = 4C89CF0525806E48009C7E76 /* Build configuration list for PBXNativeTarget "appCiberSalud" */;
			buildPhases = (
				4C89CEEF25806E3C009C7E76 /* Sources */,
				4C89CEF025806E3C009C7E76 /* Frameworks */,
				4C89CEF125806E3C009C7E76 /* Resources */,
			);
			buildRules = (
			);
			dependencies = (
			);
			name = appCiberSalud;
			productName = appCiberSalud;
			productReference = 4C89CEF325806E3C009C7E76 /* appCiberSalud.app */;
			productType = "com.apple.product-type.application";
		};
/* End PBXNativeTarget section */

/* Begin PBXProject section */
		4C89CEEB25806E3C009C7E76 /* Project object */ = {
			isa = PBXProject;
			attributes = {
				LastSwiftUpdateCheck = 1010;
				LastUpgradeCheck = 1010;
				ORGANIZATIONNAME = "Jonathan Castillo";
				TargetAttributes = {
					4C89CEF225806E3C009C7E76 = {
						CreatedOnToolsVersion = 10.1;
					};
				};
			};
			buildConfigurationList = 4C89CEEE25806E3C009C7E76 /* Build configuration list for PBXProject "appCiberSalud" */;
			compatibilityVersion = "Xcode 9.3";
			developmentRegion = en;
			hasScannedForEncodings = 0;
			knownRegions = (
				en,
				Base,
			);
			mainGroup = 4C89CEEA25806E3C009C7E76;
			productRefGroup = 4C89CEF425806E3C009C7E76 /* Products */;
			projectDirPath = "";
			projectRoot = "";
			targets = (
				4C89CEF225806E3C009C7E76 /* appCiberSalud */,
			);
		};
/* End PBXProject section */

/* Begin PBXResourcesBuildPhase section */
		4C89CEF125806E3C009C7E76 /* Resources */ = {
			isa = PBXResourcesBuildPhase;
			buildActionMask = 2147483647;
			files = (
				4C6CA4C42580B63900B60348 /* doctor.jpg in Resources */,
				4C6CA4C52580B63900B60348 /* clinica.jpg in Resources */,
				4C6CA4C32580B63900B60348 /* logo.png in Resources */,
				4C89CF0125806E47009C7E76 /* LaunchScreen.storyboard in Resources */,
				4C89CEFE25806E47009C7E76 /* Assets.xcassets in Resources */,
				4C89CEFC25806E3C009C7E76 /* Main.storyboard in Resources */,
			);
			runOnlyForDeploymentPostprocessing = 0;
		};
/* End PBXResourcesBuildPhase section */

/* Begin PBXSourcesBuildPhase section */
		4C89CEEF25806E3C009C7E76 /* Sources */ = {
			isa = PBXSourcesBuildPhase;
			buildActionMask = 2147483647;
			files = (
				4C89CEF925806E3C009C7E76 /* ViewController.swift in Sources */,
				4C6CA4B725808D7800B60348 /* RegisterUserViewController.swift in Sources */,
				4C519BA32582024E0013E5CB /* TabBarMedicoViewController.swift in Sources */,
				4C89CEF725806E3C009C7E76 /* AppDelegate.swift in Sources */,
			);
			runOnlyForDeploymentPostprocessing = 0;
		};
/* End PBXSourcesBuildPhase section */

/* Begin PBXVariantGroup section */
		4C89CEFA25806E3C009C7E76 /* Main.storyboard */ = {
			isa = PBXVariantGroup;
			children = (
				4C89CEFB25806E3C009C7E76 /* Base */,
			);
			name = Main.storyboard;
			sourceTree = "<group>";
		};
		4C89CEFF25806E47009C7E76 /* LaunchScreen.storyboard */ = {
			isa = PBXVariantGroup;
			children = (
				4C89CF0025806E47009C7E76 /* Base */,
			);
			name = LaunchScreen.storyboard;
			sourceTree = "<group>";
		};
/* End PBXVariantGroup section */

/* Begin XCBuildConfiguration section */
		4C89CF0325806E48009C7E76 /* Debug */ = {
			isa = XCBuildConfiguration;
			buildSettings = {
				ALWAYS_SEARCH_USER_PATHS = NO;
				CLANG_ANALYZER_NONNULL = YES;
				CLANG_ANALYZER_NUMBER_OBJECT_CONVERSION = YES_AGGRESSIVE;
				CLANG_CXX_LANGUAGE_STANDARD = "gnu++14";
				CLANG_CXX_LIBRARY = "libc++";
				CLANG_ENABLE_MODULES = YES;
				CLANG_ENABLE_OBJC_ARC = YES;
				CLANG_ENABLE_OBJC_WEAK = YES;
				CLANG_WARN_BLOCK_CAPTURE_AUTORELEASING = YES;
				CLANG_WARN_BOOL_CONVERSION = YES;
				CLANG_WARN_COMMA = YES;
				CLANG_WARN_CONSTANT_CONVERSION = YES;
				CLANG_WARN_DEPRECATED_OBJC_IMPLEMENTATIONS = YES;
				CLANG_WARN_DIRECT_OBJC_ISA_USAGE = YES_ERROR;
				CLANG_WARN_DOCUMENTATION_COMMENTS = YES;
				CLANG_WARN_EMPTY_BODY = YES;
				CLANG_WARN_ENUM_CONVERSION = YES;
				CLANG_WARN_INFINITE_RECURSION = YES;
				CLANG_WARN_INT_CONVERSION = YES;
				CLANG_WARN_NON_LITERAL_NULL_CONVERSION = YES;
				CLANG_WARN_OBJC_IMPLICIT_RETAIN_SELF = YES;
				CLANG_WARN_OBJC_LITERAL_CONVERSION = YES;
				CLANG_WARN_OBJC_ROOT_CLASS = YES_ERROR;
				CLANG_WARN_RANGE_LOOP_ANALYSIS = YES;
				CLANG_WARN_STRICT_PROTOTYPES = YES;
				CLANG_WARN_SUSPICIOUS_MOVE = YES;
				CLANG_WARN_UNGUARDED_AVAILABILITY = YES_AGGRESSIVE;
				CLANG_WARN_UNREACHABLE_CODE = YES;
				CLANG_WARN__DUPLICATE_METHOD_MATCH = YES;
				CODE_SIGN_IDENTITY = "iPhone Developer";
				COPY_PHASE_STRIP = NO;
				DEBUG_INFORMATION_FORMAT = dwarf;
				ENABLE_STRICT_OBJC_MSGSEND = YES;
				ENABLE_TESTABILITY = YES;
				GCC_C_LANGUAGE_STANDARD = gnu11;
				GCC_DYNAMIC_NO_PIC = NO;
				GCC_NO_COMMON_BLOCKS = YES;
				GCC_OPTIMIZATION_LEVEL = 0;
				GCC_PREPROCESSOR_DEFINITIONS = (
					"DEBUG=1",
					"$(inherited)",
				);
				GCC_WARN_64_TO_32_BIT_CONVERSION = YES;
				GCC_WARN_ABOUT_RETURN_TYPE = YES_ERROR;
				GCC_WARN_UNDECLARED_SELECTOR = YES;
				GCC_WARN_UNINITIALIZED_AUTOS = YES_AGGRESSIVE;
				GCC_WARN_UNUSED_FUNCTION = YES;
				GCC_WARN_UNUSED_VARIABLE = YES;
				IPHONEOS_DEPLOYMENT_TARGET = 12.1;
				MTL_ENABLE_DEBUG_INFO = INCLUDE_SOURCE;
				MTL_FAST_MATH = YES;
				ONLY_ACTIVE_ARCH = YES;
				SDKROOT = iphoneos;
				SWIFT_ACTIVE_COMPILATION_CONDITIONS = DEBUG;
				SWIFT_OPTIMIZATION_LEVEL = "-Onone";
			};
			name = Debug;
		};
		4C89CF0425806E48009C7E76 /* Release */ = {
			isa = XCBuildConfiguration;
			buildSettings = {
				ALWAYS_SEARCH_USER_PATHS = NO;
				CLANG_ANALYZER_NONNULL = YES;
				CLANG_ANALYZER_NUMBER_OBJECT_CONVERSION = YES_AGGRESSIVE;
				CLANG_CXX_LANGUAGE_STANDARD = "gnu++14";
				CLANG_CXX_LIBRARY = "libc++";
				CLANG_ENABLE_MODULES = YES;
				CLANG_ENABLE_OBJC_ARC = YES;
				CLANG_ENABLE_OBJC_WEAK = YES;
				CLANG_WARN_BLOCK_CAPTURE_AUTORELEASING = YES;
				CLANG_WARN_BOOL_CONVERSION = YES;
				CLANG_WARN_COMMA = YES;
				CLANG_WARN_CONSTANT_CONVERSION = YES;
				CLANG_WARN_DEPRECATED_OBJC_IMPLEMENTATIONS = YES;
				CLANG_WARN_DIRECT_OBJC_ISA_USAGE = YES_ERROR;
				CLANG_WARN_DOCUMENTATION_COMMENTS = YES;
				CLANG_WARN_EMPTY_BODY = YES;
				CLANG_WARN_ENUM_CONVERSION = YES;
				CLANG_WARN_INFINITE_RECURSION = YES;
				CLANG_WARN_INT_CONVERSION = YES;
				CLANG_WARN_NON_LITERAL_NULL_CONVERSION = YES;
				CLANG_WARN_OBJC_IMPLICIT_RETAIN_SELF = YES;
				CLANG_WARN_OBJC_LITERAL_CONVERSION = YES;
				CLANG_WARN_OBJC_ROOT_CLASS = YES_ERROR;
				CLANG_WARN_RANGE_LOOP_ANALYSIS = YES;
				CLANG_WARN_STRICT_PROTOTYPES = YES;
				CLANG_WARN_SUSPICIOUS_MOVE = YES;
				CLANG_WARN_UNGUARDED_AVAILABILITY = YES_AGGRESSIVE;
				CLANG_WARN_UNREACHABLE_CODE = YES;
				CLANG_WARN__DUPLICATE_METHOD_MATCH = YES;
				CODE_SIGN_IDENTITY = "iPhone Developer";
				COPY_PHASE_STRIP = NO;
				DEBUG_INFORMATION_FORMAT = "dwarf-with-dsym";
				ENABLE_NS_ASSERTIONS = NO;
				ENABLE_STRICT_OBJC_MSGSEND = YES;
				GCC_C_LANGUAGE_STANDARD = gnu11;
				GCC_NO_COMMON_BLOCKS = YES;
				GCC_WARN_64_TO_32_BIT_CONVERSION = YES;
				GCC_WARN_ABOUT_RETURN_TYPE = YES_ERROR;
				GCC_WARN_UNDECLARED_SELECTOR = YES;
				GCC_WARN_UNINITIALIZED_AUTOS = YES_AGGRESSIVE;
				GCC_WARN_UNUSED_FUNCTION = YES;
				GCC_WARN_UNUSED_VARIABLE = YES;
				IPHONEOS_DEPLOYMENT_TARGET = 12.1;
				MTL_ENABLE_DEBUG_INFO = NO;
				MTL_FAST_MATH = YES;
				SDKROOT = iphoneos;
				SWIFT_COMPILATION_MODE = wholemodule;
				SWIFT_OPTIMIZATION_LEVEL = "-O";
				VALIDATE_PRODUCT = YES;
			};
			name = Release;
		};
		4C89CF0625806E48009C7E76 /* Debug */ = {
			isa = XCBuildConfiguration;
			buildSettings = {
				ASSETCATALOG_COMPILER_APPICON_NAME = AppIcon;
				CODE_SIGN_STYLE = Automatic;
				INFOPLIST_FILE = appCiberSalud/Info.plist;
				LD_RUNPATH_SEARCH_PATHS = (
					"$(inherited)",
					"@executable_path/Frameworks",
				);
				PRODUCT_BUNDLE_IDENTIFIER = cibertec.appCiberSalud;
				PRODUCT_NAME = "$(TARGET_NAME)";
				SWIFT_VERSION = 4.2;
				TARGETED_DEVICE_FAMILY = "1,2";
			};
			name = Debug;
		};
		4C89CF0725806E48009C7E76 /* Release */ = {
			isa = XCBuildConfiguration;
			buildSettings = {
				ASSETCATALOG_COMPILER_APPICON_NAME = AppIcon;
				CODE_SIGN_STYLE = Automatic;
				INFOPLIST_FILE = appCiberSalud/Info.plist;
				LD_RUNPATH_SEARCH_PATHS = (
					"$(inherited)",
					"@executable_path/Frameworks",
				);
				PRODUCT_BUNDLE_IDENTIFIER = cibertec.appCiberSalud;
				PRODUCT_NAME = "$(TARGET_NAME)";
				SWIFT_VERSION = 4.2;
				TARGETED_DEVICE_FAMILY = "1,2";
			};
			name = Release;
		};
/* End XCBuildConfiguration section */

/* Begin XCConfigurationList section */
		4C89CEEE25806E3C009C7E76 /* Build configuration list for PBXProject "appCiberSalud" */ = {
			isa = XCConfigurationList;
			buildConfigurations = (
				4C89CF0325806E48009C7E76 /* Debug */,
				4C89CF0425806E48009C7E76 /* Release */,
			);
			defaultConfigurationIsVisible = 0;
			defaultConfigurationName = Release;
		};
		4C89CF0525806E48009C7E76 /* Build configuration list for PBXNativeTarget "appCiberSalud" */ = {
			isa = XCConfigurationList;
			buildConfigurations = (
				4C89CF0625806E48009C7E76 /* Debug */,
				4C89CF0725806E48009C7E76 /* Release */,
			);
			defaultConfigurationIsVisible = 0;
			defaultConfigurationName = Release;
		};
/* End XCConfigurationList section */
	};
	rootObject = 4C89CEEB25806E3C009C7E76 /* Project object */;
}
